dependencies:
- name: webworker
  repository: http://repository.local:8081
  version: 1.2.0
- name: webworker
  repository: http://repository.local:8081
  version: 1.2.0
- name: webworker
  repository: http://repository.local:8081
  version: 1.2.0
digest: sha256:244be4ebc7b25986b61206f15db850108a774285edb4daf7ee6cfd843501242a
generated: "2020-08-08T22:31:23.6372679+02:00"
