dependencies:
- name: webworker
  repository: http://repository.local:8081
  version: 1.2.0
- name: webworker
  repository: http://repository.local:8081
  version: 1.2.0
- name: webworker
  repository: http://repository.local:8081
  version: 1.2.0
- name: webworker
  repository: http://repository.local:8081
  version: 1.2.0
digest: sha256:c5dc70f1d862e1a1d2cae8c1cb038c2179d74d068f684cb7631ba69f01f3dc3b
generated: "2020-08-08T18:48:27.5249196+02:00"
